
Microsoft Visual Studio Solution File, Format Version 12.00
# Visual Studio Version 16
VisualStudioVersion = 16.0.30114.105
MinimumVisualStudioVersion = 10.0.40219.1
Project("{F2A71F9B-5D33-465A-A702-920D77279786}") = "Interface", "Interface\Interface.fsproj", "{FA4CB9D9-58EC-4D8F-ADB2-1D8CDA100BE2}"
EndProject
Project("{F2A71F9B-5D33-465A-A702-920D77279786}") = "Artstation", "Artstation\Artstation.fsproj", "{6988AC92-FC14-4D6D-B16A-32B359A74287}"
EndProject
Project("{F2A71F9B-5D33-465A-A702-920D77279786}") = "Domain", "Domain\Domain.fsproj", "{7D6AB604-C87E-4455-AE6F-8B6846D21425}"
EndProject
Project("{F2A71F9B-5D33-465A-A702-920D77279786}") = "Application", "Application\Application.fsproj", "{60534A12-4FDB-4965-9F35-F0112B7547F9}"
EndProject
Project("{F2A71F9B-5D33-465A-A702-920D77279786}") = "Persistence", "Persistence\Persistence.fsproj", "{84D3B44B-38B5-490E-A071-D3E84710A92B}"
EndProject
Project("{F2A71F9B-5D33-465A-A702-920D77279786}") = "Interface.Tests", "Interface.Tests\Interface.Tests.fsproj", "{302FD926-43AE-48C5-B21B-1E4BBA2BFA90}"
EndProject
Project("{F2A71F9B-5D33-465A-A702-920D77279786}") = "Domain.Tests", "Domain.Tests\Domain.Tests.fsproj", "{72FCD81F-C4B4-4B71-9E67-1098D6F00A76}"
EndProject
Project("{F2A71F9B-5D33-465A-A702-920D77279786}") = "Artstation.Tests", "Artstation.Tests\Artstation.Tests.fsproj", "{AB94A482-712F-4EA8-8262-C1CB703BC999}"
EndProject
Global
	GlobalSection(SolutionConfigurationPlatforms) = preSolution
		Debug|Any CPU = Debug|Any CPU
		Release|Any CPU = Release|Any CPU
	EndGlobalSection
	GlobalSection(SolutionProperties) = preSolution
		HideSolutionNode = FALSE
	EndGlobalSection
	GlobalSection(ProjectConfigurationPlatforms) = postSolution
		{FA4CB9D9-58EC-4D8F-ADB2-1D8CDA100BE2}.Debug|Any CPU.ActiveCfg = Debug|Any CPU
		{FA4CB9D9-58EC-4D8F-ADB2-1D8CDA100BE2}.Debug|Any CPU.Build.0 = Debug|Any CPU
		{FA4CB9D9-58EC-4D8F-ADB2-1D8CDA100BE2}.Release|Any CPU.ActiveCfg = Release|Any CPU
		{FA4CB9D9-58EC-4D8F-ADB2-1D8CDA100BE2}.Release|Any CPU.Build.0 = Release|Any CPU
		{6988AC92-FC14-4D6D-B16A-32B359A74287}.Debug|Any CPU.ActiveCfg = Debug|Any CPU
		{6988AC92-FC14-4D6D-B16A-32B359A74287}.Debug|Any CPU.Build.0 = Debug|Any CPU
		{6988AC92-FC14-4D6D-B16A-32B359A74287}.Release|Any CPU.ActiveCfg = Release|Any CPU
		{6988AC92-FC14-4D6D-B16A-32B359A74287}.Release|Any CPU.Build.0 = Release|Any CPU
		{7D6AB604-C87E-4455-AE6F-8B6846D21425}.Debug|Any CPU.ActiveCfg = Debug|Any CPU
		{7D6AB604-C87E-4455-AE6F-8B6846D21425}.Debug|Any CPU.Build.0 = Debug|Any CPU
		{7D6AB604-C87E-4455-AE6F-8B6846D21425}.Release|Any CPU.ActiveCfg = Release|Any CPU
		{7D6AB604-C87E-4455-AE6F-8B6846D21425}.Release|Any CPU.Build.0 = Release|Any CPU
		{60534A12-4FDB-4965-9F35-F0112B7547F9}.Debug|Any CPU.ActiveCfg = Debug|Any CPU
		{60534A12-4FDB-4965-9F35-F0112B7547F9}.Debug|Any CPU.Build.0 = Debug|Any CPU
		{60534A12-4FDB-4965-9F35-F0112B7547F9}.Release|Any CPU.ActiveCfg = Release|Any CPU
		{60534A12-4FDB-4965-9F35-F0112B7547F9}.Release|Any CPU.Build.0 = Release|Any CPU
		{84D3B44B-38B5-490E-A071-D3E84710A92B}.Debug|Any CPU.ActiveCfg = Debug|Any CPU
		{84D3B44B-38B5-490E-A071-D3E84710A92B}.Debug|Any CPU.Build.0 = Debug|Any CPU
		{84D3B44B-38B5-490E-A071-D3E84710A92B}.Release|Any CPU.ActiveCfg = Release|Any CPU
		{84D3B44B-38B5-490E-A071-D3E84710A92B}.Release|Any CPU.Build.0 = Release|Any CPU
		{302FD926-43AE-48C5-B21B-1E4BBA2BFA90}.Debug|Any CPU.ActiveCfg = Debug|Any CPU
		{302FD926-43AE-48C5-B21B-1E4BBA2BFA90}.Debug|Any CPU.Build.0 = Debug|Any CPU
		{302FD926-43AE-48C5-B21B-1E4BBA2BFA90}.Release|Any CPU.ActiveCfg = Release|Any CPU
		{302FD926-43AE-48C5-B21B-1E4BBA2BFA90}.Release|Any CPU.Build.0 = Release|Any CPU
		{72FCD81F-C4B4-4B71-9E67-1098D6F00A76}.Debug|Any CPU.ActiveCfg = Debug|Any CPU
		{72FCD81F-C4B4-4B71-9E67-1098D6F00A76}.Debug|Any CPU.Build.0 = Debug|Any CPU
		{72FCD81F-C4B4-4B71-9E67-1098D6F00A76}.Release|Any CPU.ActiveCfg = Release|Any CPU
		{72FCD81F-C4B4-4B71-9E67-1098D6F00A76}.Release|Any CPU.Build.0 = Release|Any CPU
		{AB94A482-712F-4EA8-8262-C1CB703BC999}.Debug|Any CPU.ActiveCfg = Debug|Any CPU
		{AB94A482-712F-4EA8-8262-C1CB703BC999}.Debug|Any CPU.Build.0 = Debug|Any CPU
		{AB94A482-712F-4EA8-8262-C1CB703BC999}.Release|Any CPU.ActiveCfg = Release|Any CPU
		{AB94A482-712F-4EA8-8262-C1CB703BC999}.Release|Any CPU.Build.0 = Release|Any CPU
	EndGlobalSection
EndGlobal
